<Solution>
  <Project Path="CvQuestionGenerator.API.Tests/CvQuestionGenerator.API.Tests.csproj" />
  <Project Path="CvQuestionGenerator.API\CvQuestionGenerator.API.csproj" />
  <Project Path="CvQuestionGenerator.AppHost/CvQuestionGenerator.AppHost.csproj" />
  <Project Path="CvQuestionGenerator.ServiceDefaults/CvQuestionGenerator.ServiceDefaults.csproj" />
</Solution>
